// !$*UTF8*$!
{
	archiveVersion = 1;
	classes = {
	};
	objectVersion = 55;
	objects = {

/* Begin PBXBuildFile section */
		CFAF80DC284535E10023838F /* AmosView.swift in Sources */ = {isa = PBXBuildFile; fileRef = CFAF80DB284535E10023838F /* AmosView.swift */; };
		CFAF80E0284603CF0023838F /* LogoView.swift in Sources */ = {isa = PBXBuildFile; fileRef = CFAF80DF284603CF0023838F /* LogoView.swift */; };
		CFC6AC8F2843E3BC0002275C /* AnimationsSwiftUIApp.swift in Sources */ = {isa = PBXBuildFile; fileRef = CFC6AC8E2843E3BC0002275C /* AnimationsSwiftUIApp.swift */; };
		CFC6AC932843E3BD0002275C /* Assets.xcassets in Resources */ = {isa = PBXBuildFile; fileRef = CFC6AC922843E3BD0002275C /* Assets.xcassets */; };
		CFC6AC962843E3BD0002275C /* Preview Assets.xcassets in Resources */ = {isa = PBXBuildFile; fileRef = CFC6AC952843E3BD0002275C /* Preview Assets.xcassets */; };
		CFC6AC9D2843E3D40002275C /* AwardsView.swift in Sources */ = {isa = PBXBuildFile; fileRef = CFC6AC9C2843E3D40002275C /* AwardsView.swift */; };
		CFC6AC9F2843E3EC0002275C /* GradientRectangles.swift in Sources */ = {isa = PBXBuildFile; fileRef = CFC6AC9E2843E3EC0002275C /* GradientRectangles.swift */; };
		CFC6ACA12843E5C20002275C /* CartRacingView.swift in Sources */ = {isa = PBXBuildFile; fileRef = CFC6ACA02843E5C20002275C /* CartRacingView.swift */; };
		CFC6ACA32843E7DE0002275C /* PathView.swift in Sources */ = {isa = PBXBuildFile; fileRef = CFC6ACA22843E7DE0002275C /* PathView.swift */; };
		CFC6ACA52843ED5B0002275C /* CurvesView.swift in Sources */ = {isa = PBXBuildFile; fileRef = CFC6ACA42843ED5B0002275C /* CurvesView.swift */; };
		CFC6ACA72843F12F0002275C /* MainView.swift in Sources */ = {isa = PBXBuildFile; fileRef = CFC6ACA62843F12F0002275C /* MainView.swift */; };
/* End PBXBuildFile section */

/* Begin PBXFileReference section */
		CFAF80DB284535E10023838F /* AmosView.swift */ = {isa = PBXFileReference; lastKnownFileType = sourcecode.swift; path = AmosView.swift; sourceTree = "<group>"; };
		CFAF80DF284603CF0023838F /* LogoView.swift */ = {isa = PBXFileReference; lastKnownFileType = sourcecode.swift; path = LogoView.swift; sourceTree = "<group>"; };
		CFC6AC8B2843E3BC0002275C /* AnimationsSwiftUI.app */ = {isa = PBXFileReference; explicitFileType = wrapper.application; includeInIndex = 0; path = AnimationsSwiftUI.app; sourceTree = BUILT_PRODUCTS_DIR; };
		CFC6AC8E2843E3BC0002275C /* AnimationsSwiftUIApp.swift */ = {isa = PBXFileReference; lastKnownFileType = sourcecode.swift; path = AnimationsSwiftUIApp.swift; sourceTree = "<group>"; };
		CFC6AC922843E3BD0002275C /* Assets.xcassets */ = {isa = PBXFileReference; lastKnownFileType = folder.assetcatalog; path = Assets.xcassets; sourceTree = "<group>"; };
		CFC6AC952843E3BD0002275C /* Preview Assets.xcassets */ = {isa = PBXFileReference; lastKnownFileType = folder.assetcatalog; path = "Preview Assets.xcassets"; sourceTree = "<group>"; };
		CFC6AC9C2843E3D40002275C /* AwardsView.swift */ = {isa = PBXFileReference; lastKnownFileType = sourcecode.swift; path = AwardsView.swift; sourceTree = "<group>"; };
		CFC6AC9E2843E3EC0002275C /* GradientRectangles.swift */ = {isa = PBXFileReference; lastKnownFileType = sourcecode.swift; path = GradientRectangles.swift; sourceTree = "<group>"; };
		CFC6ACA02843E5C20002275C /* CartRacingView.swift */ = {isa = PBXFileReference; lastKnownFileType = sourcecode.swift; path = CartRacingView.swift; sourceTree = "<group>"; };
		CFC6ACA22843E7DE0002275C /* PathView.swift */ = {isa = PBXFileReference; lastKnownFileType = sourcecode.swift; path = PathView.swift; sourceTree = "<group>"; };
		CFC6ACA42843ED5B0002275C /* CurvesView.swift */ = {isa = PBXFileReference; lastKnownFileType = sourcecode.swift; path = CurvesView.swift; sourceTree = "<group>"; };
		CFC6ACA62843F12F0002275C /* MainView.swift */ = {isa = PBXFileReference; lastKnownFileType = sourcecode.swift; path = MainView.swift; sourceTree = "<group>"; };
/* End PBXFileReference section */

/* Begin PBXFrameworksBuildPhase section */
		CFC6AC882843E3BC0002275C /* Frameworks */ = {
			isa = PBXFrameworksBuildPhase;
			buildActionMask = 2147483647;
			files = (
			);
			runOnlyForDeploymentPostprocessing = 0;
		};
/* End PBXFrameworksBuildPhase section */

/* Begin PBXGroup section */
		CFC6AC822843E3BC0002275C = {
			isa = PBXGroup;
			children = (
				CFC6AC8D2843E3BC0002275C /* AnimationsSwiftUI */,
				CFC6AC8C2843E3BC0002275C /* Products */,
			);
			sourceTree = "<group>";
		};
		CFC6AC8C2843E3BC0002275C /* Products */ = {
			isa = PBXGroup;
			children = (
				CFC6AC8B2843E3BC0002275C /* AnimationsSwiftUI.app */,
			);
			name = Products;
			sourceTree = "<group>";
		};
		CFC6AC8D2843E3BC0002275C /* AnimationsSwiftUI */ = {
			isa = PBXGroup;
			children = (
				CFC6AC8E2843E3BC0002275C /* AnimationsSwiftUIApp.swift */,
				CFC6AC9C2843E3D40002275C /* AwardsView.swift */,
				CFC6ACA42843ED5B0002275C /* CurvesView.swift */,
				CFAF80DB284535E10023838F /* AmosView.swift */,
				CFC6AC9E2843E3EC0002275C /* GradientRectangles.swift */,
				CFC6ACA22843E7DE0002275C /* PathView.swift */,
				CFC6ACA02843E5C20002275C /* CartRacingView.swift */,
				CFAF80DF284603CF0023838F /* LogoView.swift */,
				CFC6ACA62843F12F0002275C /* MainView.swift */,
				CFC6AC922843E3BD0002275C /* Assets.xcassets */,
				CFC6AC942843E3BD0002275C /* Preview Content */,
			);
			path = AnimationsSwiftUI;
			sourceTree = "<group>";
		};
		CFC6AC942843E3BD0002275C /* Preview Content */ = {
			isa = PBXGroup;
			children = (
				CFC6AC952843E3BD0002275C /* Preview Assets.xcassets */,
			);
			path = "Preview Content";
			sourceTree = "<group>";
		};
/* End PBXGroup section */

/* Begin PBXNativeTarget section */
		CFC6AC8A2843E3BC0002275C /* AnimationsSwiftUI */ = {
			isa = PBXNativeTarget;
			buildConfigurationList = CFC6AC992843E3BD0002275C /* Build configuration list for PBXNativeTarget "AnimationsSwiftUI" */;
			buildPhases = (
				CFC6AC872843E3BC0002275C /* Sources */,
				CFC6AC882843E3BC0002275C /* Frameworks */,
				CFC6AC892843E3BC0002275C /* Resources */,
			);
			buildRules = (
			);
			dependencies = (
			);
			name = AnimationsSwiftUI;
			productName = AnimationsSwiftUI;
			productReference = CFC6AC8B2843E3BC0002275C /* AnimationsSwiftUI.app */;
			productType = "com.apple.product-type.application";
		};
/* End PBXNativeTarget section */

/* Begin PBXProject section */
		CFC6AC832843E3BC0002275C /* Project object */ = {
			isa = PBXProject;
			attributes = {
				BuildIndependentTargetsInParallel = 1;
				LastSwiftUpdateCheck = 1340;
				LastUpgradeCheck = 1340;
				TargetAttributes = {
					CFC6AC8A2843E3BC0002275C = {
						CreatedOnToolsVersion = 13.4;
					};
				};
			};
			buildConfigurationList = CFC6AC862843E3BC0002275C /* Build configuration list for PBXProject "AnimationsSwiftUI" */;
			compatibilityVersion = "Xcode 13.0";
			developmentRegion = en;
			hasScannedForEncodings = 0;
			knownRegions = (
				en,
				Base,
			);
			mainGroup = CFC6AC822843E3BC0002275C;
			productRefGroup = CFC6AC8C2843E3BC0002275C /* Products */;
			projectDirPath = "";
			projectRoot = "";
			targets = (
				CFC6AC8A2843E3BC0002275C /* AnimationsSwiftUI */,
			);
		};
/* End PBXProject section */

/* Begin PBXResourcesBuildPhase section */
		CFC6AC892843E3BC0002275C /* Resources */ = {
			isa = PBXResourcesBuildPhase;
			buildActionMask = 2147483647;
			files = (
				CFC6AC962843E3BD0002275C /* Preview Assets.xcassets in Resources */,
				CFC6AC932843E3BD0002275C /* Assets.xcassets in Resources */,
			);
			runOnlyForDeploymentPostprocessing = 0;
		};
/* End PBXResourcesBuildPhase section */

/* Begin PBXSourcesBuildPhase section */
		CFC6AC872843E3BC0002275C /* Sources */ = {
			isa = PBXSourcesBuildPhase;
			buildActionMask = 2147483647;
			files = (
				CFC6ACA72843F12F0002275C /* MainView.swift in Sources */,
				CFC6ACA52843ED5B0002275C /* CurvesView.swift in Sources */,
				CFAF80E0284603CF0023838F /* LogoView.swift in Sources */,
				CFAF80DC284535E10023838F /* AmosView.swift in Sources */,
				CFC6ACA32843E7DE0002275C /* PathView.swift in Sources */,
				CFC6AC9F2843E3EC0002275C /* GradientRectangles.swift in Sources */,
				CFC6AC8F2843E3BC0002275C /* AnimationsSwiftUIApp.swift in Sources */,
				CFC6ACA12843E5C20002275C /* CartRacingView.swift in Sources */,
				CFC6AC9D2843E3D40002275C /* AwardsView.swift in Sources */,
			);
			runOnlyForDeploymentPostprocessing = 0;
		};
/* End PBXSourcesBuildPhase section */

/* Begin XCBuildConfiguration section */
		CFC6AC972843E3BD0002275C /* Debug */ = {
			isa = XCBuildConfiguration;
			buildSettings = {
				ALWAYS_SEARCH_USER_PATHS = NO;
				CLANG_ANALYZER_NONNULL = YES;
				CLANG_ANALYZER_NUMBER_OBJECT_CONVERSION = YES_AGGRESSIVE;
				CLANG_CXX_LANGUAGE_STANDARD = "gnu++17";
				CLANG_ENABLE_MODULES = YES;
				CLANG_ENABLE_OBJC_ARC = YES;
				CLANG_ENABLE_OBJC_WEAK = YES;
				CLANG_WARN_BLOCK_CAPTURE_AUTORELEASING = YES;
				CLANG_WARN_BOOL_CONVERSION = YES;
				CLANG_WARN_COMMA = YES;
				CLANG_WARN_CONSTANT_CONVERSION = YES;
				CLANG_WARN_DEPRECATED_OBJC_IMPLEMENTATIONS = YES;
				CLANG_WARN_DIRECT_OBJC_ISA_USAGE = YES_ERROR;
				CLANG_WARN_DOCUMENTATION_COMMENTS = YES;
				CLANG_WARN_EMPTY_BODY = YES;
				CLANG_WARN_ENUM_CONVERSION = YES;
				CLANG_WARN_INFINITE_RECURSION = YES;
				CLANG_WARN_INT_CONVERSION = YES;
				CLANG_WARN_NON_LITERAL_NULL_CONVERSION = YES;
				CLANG_WARN_OBJC_IMPLICIT_RETAIN_SELF = YES;
				CLANG_WARN_OBJC_LITERAL_CONVERSION = YES;
				CLANG_WARN_OBJC_ROOT_CLASS = YES_ERROR;
				CLANG_WARN_QUOTED_INCLUDE_IN_FRAMEWORK_HEADER = YES;
				CLANG_WARN_RANGE_LOOP_ANALYSIS = YES;
				CLANG_WARN_STRICT_PROTOTYPES = YES;
				CLANG_WARN_SUSPICIOUS_MOVE = YES;
				CLANG_WARN_UNGUARDED_AVAILABILITY = YES_AGGRESSIVE;
				CLANG_WARN_UNREACHABLE_CODE = YES;
				CLANG_WARN__DUPLICATE_METHOD_MATCH = YES;
				COPY_PHASE_STRIP = NO;
				DEBUG_INFORMATION_FORMAT = dwarf;
				ENABLE_STRICT_OBJC_MSGSEND = YES;
				ENABLE_TESTABILITY = YES;
				GCC_C_LANGUAGE_STANDARD = gnu11;
				GCC_DYNAMIC_NO_PIC = NO;
				GCC_NO_COMMON_BLOCKS = YES;
				GCC_OPTIMIZATION_LEVEL = 0;
				GCC_PREPROCESSOR_DEFINITIONS = (
					"DEBUG=1",
					"$(inherited)",
				);
				GCC_WARN_64_TO_32_BIT_CONVERSION = YES;
				GCC_WARN_ABOUT_RETURN_TYPE = YES_ERROR;
				GCC_WARN_UNDECLARED_SELECTOR = YES;
				GCC_WARN_UNINITIALIZED_AUTOS = YES_AGGRESSIVE;
				GCC_WARN_UNUSED_FUNCTION = YES;
				GCC_WARN_UNUSED_VARIABLE = YES;
				IPHONEOS_DEPLOYMENT_TARGET = 15.5;
				MTL_ENABLE_DEBUG_INFO = INCLUDE_SOURCE;
				MTL_FAST_MATH = YES;
				ONLY_ACTIVE_ARCH = YES;
				SDKROOT = iphoneos;
				SWIFT_ACTIVE_COMPILATION_CONDITIONS = DEBUG;
				SWIFT_OPTIMIZATION_LEVEL = "-Onone";
			};
			name = Debug;
		};
		CFC6AC982843E3BD0002275C /* Release */ = {
			isa = XCBuildConfiguration;
			buildSettings = {
				ALWAYS_SEARCH_USER_PATHS = NO;
				CLANG_ANALYZER_NONNULL = YES;
				CLANG_ANALYZER_NUMBER_OBJECT_CONVERSION = YES_AGGRESSIVE;
				CLANG_CXX_LANGUAGE_STANDARD = "gnu++17";
				CLANG_ENABLE_MODULES = YES;
				CLANG_ENABLE_OBJC_ARC = YES;
				CLANG_ENABLE_OBJC_WEAK = YES;
				CLANG_WARN_BLOCK_CAPTURE_AUTORELEASING = YES;
				CLANG_WARN_BOOL_CONVERSION = YES;
				CLANG_WARN_COMMA = YES;
				CLANG_WARN_CONSTANT_CONVERSION = YES;
				CLANG_WARN_DEPRECATED_OBJC_IMPLEMENTATIONS = YES;
				CLANG_WARN_DIRECT_OBJC_ISA_USAGE = YES_ERROR;
				CLANG_WARN_DOCUMENTATION_COMMENTS = YES;
				CLANG_WARN_EMPTY_BODY = YES;
				CLANG_WARN_ENUM_CONVERSION = YES;
				CLANG_WARN_INFINITE_RECURSION = YES;
				CLANG_WARN_INT_CONVERSION = YES;
				CLANG_WARN_NON_LITERAL_NULL_CONVERSION = YES;
				CLANG_WARN_OBJC_IMPLICIT_RETAIN_SELF = YES;
				CLANG_WARN_OBJC_LITERAL_CONVERSION = YES;
				CLANG_WARN_OBJC_ROOT_CLASS = YES_ERROR;
				CLANG_WARN_QUOTED_INCLUDE_IN_FRAMEWORK_HEADER = YES;
				CLANG_WARN_RANGE_LOOP_ANALYSIS = YES;
				CLANG_WARN_STRICT_PROTOTYPES = YES;
				CLANG_WARN_SUSPICIOUS_MOVE = YES;
				CLANG_WARN_UNGUARDED_AVAILABILITY = YES_AGGRESSIVE;
				CLANG_WARN_UNREACHABLE_CODE = YES;
				CLANG_WARN__DUPLICATE_METHOD_MATCH = YES;
				COPY_PHASE_STRIP = NO;
				DEBUG_INFORMATION_FORMAT = "dwarf-with-dsym";
				ENABLE_NS_ASSERTIONS = NO;
				ENABLE_STRICT_OBJC_MSGSEND = YES;
				GCC_C_LANGUAGE_STANDARD = gnu11;
				GCC_NO_COMMON_BLOCKS = YES;
				GCC_WARN_64_TO_32_BIT_CONVERSION = YES;
				GCC_WARN_ABOUT_RETURN_TYPE = YES_ERROR;
				GCC_WARN_UNDECLARED_SELECTOR = YES;
				GCC_WARN_UNINITIALIZED_AUTOS = YES_AGGRESSIVE;
				GCC_WARN_UNUSED_FUNCTION = YES;
				GCC_WARN_UNUSED_VARIABLE = YES;
				IPHONEOS_DEPLOYMENT_TARGET = 15.5;
				MTL_ENABLE_DEBUG_INFO = NO;
				MTL_FAST_MATH = YES;
				SDKROOT = iphoneos;
				SWIFT_COMPILATION_MODE = wholemodule;
				SWIFT_OPTIMIZATION_LEVEL = "-O";
				VALIDATE_PRODUCT = YES;
			};
			name = Release;
		};
		CFC6AC9A2843E3BD0002275C /* Debug */ = {
			isa = XCBuildConfiguration;
			buildSettings = {
				ASSETCATALOG_COMPILER_APPICON_NAME = AppIcon;
				ASSETCATALOG_COMPILER_GLOBAL_ACCENT_COLOR_NAME = AccentColor;
				CODE_SIGN_STYLE = Automatic;
				CURRENT_PROJECT_VERSION = 1;
				DEVELOPMENT_ASSET_PATHS = "\"AnimationsSwiftUI/Preview Content\"";
				DEVELOPMENT_TEAM = L7KZPDRX49;
				ENABLE_PREVIEWS = YES;
				GENERATE_INFOPLIST_FILE = YES;
				INFOPLIST_KEY_UIApplicationSceneManifest_Generation = YES;
				INFOPLIST_KEY_UIApplicationSupportsIndirectInputEvents = YES;
				INFOPLIST_KEY_UILaunchScreen_Generation = YES;
				INFOPLIST_KEY_UISupportedInterfaceOrientations_iPad = "UIInterfaceOrientationPortrait UIInterfaceOrientationPortraitUpsideDown UIInterfaceOrientationLandscapeLeft UIInterfaceOrientationLandscapeRight";
				INFOPLIST_KEY_UISupportedInterfaceOrientations_iPhone = "UIInterfaceOrientationPortrait UIInterfaceOrientationLandscapeLeft UIInterfaceOrientationLandscapeRight";
				LD_RUNPATH_SEARCH_PATHS = (
					"$(inherited)",
					"@executable_path/Frameworks",
				);
				MARKETING_VERSION = 1.0;
				PRODUCT_BUNDLE_IDENTIFIER = pmatar.AnimationsSwiftUI;
				PRODUCT_NAME = "$(TARGET_NAME)";
				SWIFT_EMIT_LOC_STRINGS = YES;
				SWIFT_VERSION = 5.0;
				TARGETED_DEVICE_FAMILY = "1,2";
			};
			name = Debug;
		};
		CFC6AC9B2843E3BD0002275C /* Release */ = {
			isa = XCBuildConfiguration;
			buildSettings = {
				ASSETCATALOG_COMPILER_APPICON_NAME = AppIcon;
				ASSETCATALOG_COMPILER_GLOBAL_ACCENT_COLOR_NAME = AccentColor;
				CODE_SIGN_STYLE = Automatic;
				CURRENT_PROJECT_VERSION = 1;
				DEVELOPMENT_ASSET_PATHS = "\"AnimationsSwiftUI/Preview Content\"";
				DEVELOPMENT_TEAM = L7KZPDRX49;
				ENABLE_PREVIEWS = YES;
				GENERATE_INFOPLIST_FILE = YES;
				INFOPLIST_KEY_UIApplicationSceneManifest_Generation = YES;
				INFOPLIST_KEY_UIApplicationSupportsIndirectInputEvents = YES;
				INFOPLIST_KEY_UILaunchScreen_Generation = YES;
				INFOPLIST_KEY_UISupportedInterfaceOrientations_iPad = "UIInterfaceOrientationPortrait UIInterfaceOrientationPortraitUpsideDown UIInterfaceOrientationLandscapeLeft UIInterfaceOrientationLandscapeRight";
				INFOPLIST_KEY_UISupportedInterfaceOrientations_iPhone = "UIInterfaceOrientationPortrait UIInterfaceOrientationLandscapeLeft UIInterfaceOrientationLandscapeRight";
				LD_RUNPATH_SEARCH_PATHS = (
					"$(inherited)",
					"@executable_path/Frameworks",
				);
				MARKETING_VERSION = 1.0;
				PRODUCT_BUNDLE_IDENTIFIER = pmatar.AnimationsSwiftUI;
				PRODUCT_NAME = "$(TARGET_NAME)";
				SWIFT_EMIT_LOC_STRINGS = YES;
				SWIFT_VERSION = 5.0;
				TARGETED_DEVICE_FAMILY = "1,2";
			};
			name = Release;
		};
/* End XCBuildConfiguration section */

/* Begin XCConfigurationList section */
		CFC6AC862843E3BC0002275C /* Build configuration list for PBXProject "AnimationsSwiftUI" */ = {
			isa = XCConfigurationList;
			buildConfigurations = (
				CFC6AC972843E3BD0002275C /* Debug */,
				CFC6AC982843E3BD0002275C /* Release */,
			);
			defaultConfigurationIsVisible = 0;
			defaultConfigurationName = Release;
		};
		CFC6AC992843E3BD0002275C /* Build configuration list for PBXNativeTarget "AnimationsSwiftUI" */ = {
			isa = XCConfigurationList;
			buildConfigurations = (
				CFC6AC9A2843E3BD0002275C /* Debug */,
				CFC6AC9B2843E3BD0002275C /* Release */,
			);
			defaultConfigurationIsVisible = 0;
			defaultConfigurationName = Release;
		};
/* End XCConfigurationList section */
	};
	rootObject = CFC6AC832843E3BC0002275C /* Project object */;
}
